
Microsoft Visual Studio Solution File, Format Version 12.00
# Visual Studio Version 17
VisualStudioVersion = 17.0.31919.166
MinimumVisualStudioVersion = 10.0.40219.1
Project("{9A19103F-16F7-4668-BE54-9A1E7A4F7556}") = "Exercises", "Exercises\Exercises.csproj", "{61B34122-F16B-4CD6-9C27-09382516B4B2}"
EndProject
Project("{FAE04EC0-301F-11D3-BF4B-00C04F79EFBC}") = "Exercises.UnitTests", "Exercises.UnitTests\Exercises.UnitTests.csproj", "{23BB15B1-BC9A-4F11-88AD-F165DA49A1DB}"
EndProject
Global
	GlobalSection(SolutionConfigurationPlatforms) = preSolution
		Debug|Any CPU = Debug|Any CPU
		Release|Any CPU = Release|Any CPU
	EndGlobalSection
	GlobalSection(ProjectConfigurationPlatforms) = postSolution
		{61B34122-F16B-4CD6-9C27-09382516B4B2}.Debug|Any CPU.ActiveCfg = Debug|Any CPU
		{61B34122-F16B-4CD6-9C27-09382516B4B2}.Debug|Any CPU.Build.0 = Debug|Any CPU
		{61B34122-F16B-4CD6-9C27-09382516B4B2}.Release|Any CPU.ActiveCfg = Release|Any CPU
		{61B34122-F16B-4CD6-9C27-09382516B4B2}.Release|Any CPU.Build.0 = Release|Any CPU
		{23BB15B1-BC9A-4F11-88AD-F165DA49A1DB}.Debug|Any CPU.ActiveCfg = Debug|Any CPU
		{23BB15B1-BC9A-4F11-88AD-F165DA49A1DB}.Debug|Any CPU.Build.0 = Debug|Any CPU
		{23BB15B1-BC9A-4F11-88AD-F165DA49A1DB}.Release|Any CPU.ActiveCfg = Release|Any CPU
		{23BB15B1-BC9A-4F11-88AD-F165DA49A1DB}.Release|Any CPU.Build.0 = Release|Any CPU
	EndGlobalSection
	GlobalSection(SolutionProperties) = preSolution
		HideSolutionNode = FALSE
	EndGlobalSection
	GlobalSection(ExtensibilityGlobals) = postSolution
		SolutionGuid = {BE2DF0D7-EECF-4802-83DD-04B02FC92069}
	EndGlobalSection
EndGlobal
